Microsoft Visual Studio Solution File, Format Version 11.00
# Visual Studio 2008

Project("{98763B6C-8AFC-FCAD-18D5-09C45516F7EB}") = "VRBikeTeam7", "Assembly-CSharp.csproj", "{A61EA6FB-1609-6B9A-FA43-B7D70F4EE859}"
EndProject
Global
	GlobalSection(SolutionConfigurationPlatforms) = preSolution
		Debug|Any CPU = Debug|Any CPU
		Release|Any CPU = Release|Any CPU
	EndGlobalSection
	GlobalSection(ProjectConfigurationPlatforms) = postSolution
		{A61EA6FB-1609-6B9A-FA43-B7D70F4EE859}.Debug|Any CPU.ActiveCfg = Debug|Any CPU
		{A61EA6FB-1609-6B9A-FA43-B7D70F4EE859}.Debug|Any CPU.Build.0 = Debug|Any CPU
		{A61EA6FB-1609-6B9A-FA43-B7D70F4EE859}.Release|Any CPU.ActiveCfg = Release|Any CPU
		{A61EA6FB-1609-6B9A-FA43-B7D70F4EE859}.Release|Any CPU.Build.0 = Release|Any CPU
	EndGlobalSection
	GlobalSection(SolutionProperties) = preSolution
		HideSolutionNode = FALSE
	EndGlobalSection
	GlobalSection(MonoDevelopProperties) = preSolution
		StartupItem = Assembly-CSharp.csproj
	EndGlobalSection
EndGlobal
